
Microsoft Visual Studio Solution File, Format Version 12.00
# Visual Studio Version 16
VisualStudioVersion = 16.0.30717.126
MinimumVisualStudioVersion = 10.0.40219.1
Project("{FAE04EC0-301F-11D3-BF4B-00C04F79EFBC}") = "TopicDemo", "TopicDemo\TopicDemo.csproj", "{CE1BCB27-15F6-42F2-B78F-252B1FC9BABB}"
EndProject
Project("{FAE04EC0-301F-11D3-BF4B-00C04F79EFBC}") = "SubscriptionProcessor", "SubscriptionProcessor\SubscriptionProcessor.csproj", "{15FD0DB9-285E-4AD9-A74C-0A61D9E18BA9}"
EndProject
Global
	GlobalSection(SolutionConfigurationPlatforms) = preSolution
		Debug|Any CPU = Debug|Any CPU
		Release|Any CPU = Release|Any CPU
	EndGlobalSection
	GlobalSection(ProjectConfigurationPlatforms) = postSolution
		{CE1BCB27-15F6-42F2-B78F-252B1FC9BABB}.Debug|Any CPU.ActiveCfg = Debug|Any CPU
		{CE1BCB27-15F6-42F2-B78F-252B1FC9BABB}.Debug|Any CPU.Build.0 = Debug|Any CPU
		{CE1BCB27-15F6-42F2-B78F-252B1FC9BABB}.Release|Any CPU.ActiveCfg = Release|Any CPU
		{CE1BCB27-15F6-42F2-B78F-252B1FC9BABB}.Release|Any CPU.Build.0 = Release|Any CPU
		{15FD0DB9-285E-4AD9-A74C-0A61D9E18BA9}.Debug|Any CPU.ActiveCfg = Debug|Any CPU
		{15FD0DB9-285E-4AD9-A74C-0A61D9E18BA9}.Debug|Any CPU.Build.0 = Debug|Any CPU
		{15FD0DB9-285E-4AD9-A74C-0A61D9E18BA9}.Release|Any CPU.ActiveCfg = Release|Any CPU
		{15FD0DB9-285E-4AD9-A74C-0A61D9E18BA9}.Release|Any CPU.Build.0 = Release|Any CPU
	EndGlobalSection
	GlobalSection(SolutionProperties) = preSolution
		HideSolutionNode = FALSE
	EndGlobalSection
	GlobalSection(ExtensibilityGlobals) = postSolution
		SolutionGuid = {122B7DCC-95E3-4085-8772-EB204F9115D7}
	EndGlobalSection
EndGlobal
